SITE
  remote: http://community.opscode.com/api/v1
  specs:
    build-essential (1.4.2)
    chef_handler (1.1.4)
    dmg (2.0.0)
    openssl (1.1.0)
    runit (1.2.0)
      build-essential (>= 0.0.0)
      yum (>= 0.0.0)
    windows (1.10.0)
      chef_handler (>= 0.0.0)
    yum (2.3.2)

GIT
  remote: https://github.com/opscode-cookbooks/apache2
  ref: master
  sha: 97d1a1ca279814789aa4c37247641e76815600e8
  specs:
    apache2 (1.7.0)

GIT
  remote: https://github.com/opscode-cookbooks/apt
  ref: master
  sha: b58c75536300794e5b5ffa8747fc9e6c48a4e5ce
  specs:
    apt (2.1.1)

GIT
  remote: https://github.com/opscode-cookbooks/git
  ref: master
  sha: 575a3ee5f6cafa709033c3ac39484512ad028443
  specs:
    git (2.6.1)
      build-essential (>= 0.0.0)
      dmg (>= 0.0.0)
      runit (>= 1.0)
      windows (>= 0.0.0)
      yum (>= 0.0.0)

GIT
  remote: https://github.com/opscode-cookbooks/mysql
  ref: master
  sha: bc42cfb0d54d50e3181b40739e67e0a353650661
  specs:
    mysql (3.0.5)
      build-essential (> 1.1.0)
      openssl (>= 0.0.0)

DEPENDENCIES
  apache2 (>= 0)
  apt (>= 0)
  build-essential (>= 0)
  git (>= 0)
  mysql (>= 0)

